PODS:
  - Flutter (1.0.0)
  - flutter_alarmkit (0.0.1):
    - Flutter
  - open_filex (0.0.2):
    - Flutter

DEPENDENCIES:
  - Flutter (from `Flutter`)
  - flutter_alarmkit (from `.symlinks/plugins/flutter_alarmkit/ios`)
  - open_filex (from `.symlinks/plugins/open_filex/ios`)

EXTERNAL SOURCES:
  Flutter:
    :path: Flutter
  flutter_alarmkit:
    :path: ".symlinks/plugins/flutter_alarmkit/ios"
  open_filex:
    :path: ".symlinks/plugins/open_filex/ios"

SPEC CHECKSUMS:
  Flutter: cabc95a1d2626b1b06e7179b784ebcf0c0cde467
  flutter_alarmkit: fcec41c9c26868e0d9d01272e8d781fb876813ae
  open_filex: 432f3cd11432da3e39f47fcc0df2b1603854eff1

PODFILE CHECKSUM: 394264c05b6392764d903e9ab84717a1519f6e04

COCOAPODS: 1.16.2
